<Solution>
  <Folder Name="/src/">
    <Project Path="src/AceMq.Amqp/AceMq.Amqp.csproj" />
    <Project Path="src/AceMq.Amqp.RabbitMq/AceMq.Amqp.RabbitMq.csproj" />
    <Project Path="src/AceMq.Amqp.Diagnostics/AceMq.Amqp.Diagnostics.csproj" />
    <Project Path="src/AceMq.Amqp.DevCerts/AceMq.Amqp.DevCerts.csproj" />
    <Project Path="src/AceMq.Amqp.Protobuf/AceMq.Amqp.Protobuf.csproj" />
  </Folder>
  <Folder Name="/tests/">
    <Project Path="tests/AceMq.Amqp.Tests/AceMq.Amqp.Tests.csproj" />
    <Project Path="tests/AceMq.Amqp.RabbitMq.Tests/AceMq.Amqp.RabbitMq.Tests.csproj" />
    <Project Path="tests/AceMq.Amqp.Tls.Tests/AceMq.Amqp.Tls.Tests.csproj" />
    <Project Path="tests/AceMq.Amqp.Protobuf.Tests/AceMq.Amqp.Protobuf.Tests.csproj" />
  </Folder>
  <Folder Name="/tools/">
    <Project Path="tools/vb-audit/vb-audit.csproj" />
  </Folder>
  <Folder Name="/examples/">
    <Project Path="examples/csharp/csharp.csproj" />
    <Project Path="examples/vb/vb.vbproj" />
  </Folder>
</Solution>
